// !$*UTF8*$!
{
	archiveVersion = 1;
	classes = {
	};
	objectVersion = 46;
	objects = {

/* Begin PBXBuildFile section */
		1CD169081C6A23550026FB82 /* mangopay.h in CopyFiles */ = {isa = PBXBuildFile; fileRef = 1CD169071C6A23550026FB82 /* mangopay.h */; };
		1CD169111C6A23BE0026FB82 /* UIKit.framework in Frameworks */ = {isa = PBXBuildFile; fileRef = 1CD169101C6A23BE0026FB82 /* UIKit.framework */; };
		1CD169131C6A24420026FB82 /* mangopay.h in Headers */ = {isa = PBXBuildFile; fileRef = 1CD169071C6A23550026FB82 /* mangopay.h */; settings = {ATTRIBUTES = (Public, ); }; };
		1CD169181C6A284E0026FB82 /* ServerCommunications.h in Headers */ = {isa = PBXBuildFile; fileRef = 1CD169161C6A284E0026FB82 /* ServerCommunications.h */; settings = {ATTRIBUTES = (Public, ); }; };
		1CD169191C6A284E0026FB82 /* ServerCommunications.m in Sources */ = {isa = PBXBuildFile; fileRef = 1CD169171C6A284E0026FB82 /* ServerCommunications.m */; };
/* End PBXBuildFile section */

/* Begin PBXCopyFilesBuildPhase section */
		1CD169021C6A23550026FB82 /* CopyFiles */ = {
			isa = PBXCopyFilesBuildPhase;
			buildActionMask = 2147483647;
			dstPath = "include/$(PRODUCT_NAME)";
			dstSubfolderSpec = 16;
			files = (
				1CD169081C6A23550026FB82 /* mangopay.h in CopyFiles */,
			);
			runOnlyForDeploymentPostprocessing = 0;
		};
/* End PBXCopyFilesBuildPhase section */

/* Begin PBXFileReference section */
		1CD169041C6A23550026FB82 /* libmangopay.a */ = {isa = PBXFileReference; explicitFileType = archive.ar; includeInIndex = 0; path = libmangopay.a; sourceTree = BUILT_PRODUCTS_DIR; };
		1CD169071C6A23550026FB82 /* mangopay.h */ = {isa = PBXFileReference; lastKnownFileType = sourcecode.c.h; path = mangopay.h; sourceTree = "<group>"; };
		1CD169101C6A23BE0026FB82 /* UIKit.framework */ = {isa = PBXFileReference; lastKnownFileType = wrapper.framework; name = UIKit.framework; path = System/Library/Frameworks/UIKit.framework; sourceTree = SDKROOT; };
		1CD169161C6A284E0026FB82 /* ServerCommunications.h */ = {isa = PBXFileReference; fileEncoding = 4; lastKnownFileType = sourcecode.c.h; path = ServerCommunications.h; sourceTree = "<group>"; };
		1CD169171C6A284E0026FB82 /* ServerCommunications.m */ = {isa = PBXFileReference; fileEncoding = 4; lastKnownFileType = sourcecode.c.objc; path = ServerCommunications.m; sourceTree = "<group>"; };
/* End PBXFileReference section */

/* Begin PBXFrameworksBuildPhase section */
		1CD169011C6A23550026FB82 /* Frameworks */ = {
			isa = PBXFrameworksBuildPhase;
			buildActionMask = 2147483647;
			files = (
				1CD169111C6A23BE0026FB82 /* UIKit.framework in Frameworks */,
			);
			runOnlyForDeploymentPostprocessing = 0;
		};
/* End PBXFrameworksBuildPhase section */

/* Begin PBXGroup section */
		1CD168FB1C6A23550026FB82 = {
			isa = PBXGroup;
			children = (
				1CD169061C6A23550026FB82 /* mangopay */,
				1CD169141C6A25200026FB82 /* Frameworks */,
				1CD169051C6A23550026FB82 /* Products */,
			);
			sourceTree = "<group>";
		};
		1CD169051C6A23550026FB82 /* Products */ = {
			isa = PBXGroup;
			children = (
				1CD169041C6A23550026FB82 /* libmangopay.a */,
			);
			name = Products;
			sourceTree = "<group>";
		};
		1CD169061C6A23550026FB82 /* mangopay */ = {
			isa = PBXGroup;
			children = (
				1CD169071C6A23550026FB82 /* mangopay.h */,
				1CD169161C6A284E0026FB82 /* ServerCommunications.h */,
				1CD169171C6A284E0026FB82 /* ServerCommunications.m */,
			);
			path = mangopay;
			sourceTree = "<group>";
		};
		1CD169141C6A25200026FB82 /* Frameworks */ = {
			isa = PBXGroup;
			children = (
				1CD169101C6A23BE0026FB82 /* UIKit.framework */,
			);
			name = Frameworks;
			sourceTree = "<group>";
		};
/* End PBXGroup section */

/* Begin PBXHeadersBuildPhase section */
		1CD169121C6A241A0026FB82 /* Headers */ = {
			isa = PBXHeadersBuildPhase;
			buildActionMask = 2147483647;
			files = (
				1CD169131C6A24420026FB82 /* mangopay.h in Headers */,
				1CD169181C6A284E0026FB82 /* ServerCommunications.h in Headers */,
			);
			runOnlyForDeploymentPostprocessing = 0;
		};
/* End PBXHeadersBuildPhase section */

/* Begin PBXNativeTarget section */
		1CD169031C6A23550026FB82 /* mangopay */ = {
			isa = PBXNativeTarget;
			buildConfigurationList = 1CD1690D1C6A23550026FB82 /* Build configuration list for PBXNativeTarget "mangopay" */;
			buildPhases = (
				1CD169001C6A23550026FB82 /* Sources */,
				1CD169011C6A23550026FB82 /* Frameworks */,
				1CD169021C6A23550026FB82 /* CopyFiles */,
				1CD169121C6A241A0026FB82 /* Headers */,
			);
			buildRules = (
			);
			dependencies = (
			);
			name = mangopay;
			productName = mangopay;
			productReference = 1CD169041C6A23550026FB82 /* libmangopay.a */;
			productType = "com.apple.product-type.library.static";
		};
/* End PBXNativeTarget section */

/* Begin PBXProject section */
		1CD168FC1C6A23550026FB82 /* Project object */ = {
			isa = PBXProject;
			attributes = {
				LastUpgradeCheck = 0720;
				ORGANIZATIONNAME = mangopay;
				TargetAttributes = {
					1CD169031C6A23550026FB82 = {
						CreatedOnToolsVersion = 7.2;
					};
				};
			};
			buildConfigurationList = 1CD168FF1C6A23550026FB82 /* Build configuration list for PBXProject "mangopay" */;
			compatibilityVersion = "Xcode 3.2";
			developmentRegion = English;
			hasScannedForEncodings = 0;
			knownRegions = (
				en,
			);
			mainGroup = 1CD168FB1C6A23550026FB82;
			productRefGroup = 1CD169051C6A23550026FB82 /* Products */;
			projectDirPath = "";
			projectRoot = "";
			targets = (
				1CD169031C6A23550026FB82 /* mangopay */,
			);
		};
/* End PBXProject section */

/* Begin PBXSourcesBuildPhase section */
		1CD169001C6A23550026FB82 /* Sources */ = {
			isa = PBXSourcesBuildPhase;
			buildActionMask = 2147483647;
			files = (
				1CD169191C6A284E0026FB82 /* ServerCommunications.m in Sources */,
			);
			runOnlyForDeploymentPostprocessing = 0;
		};
/* End PBXSourcesBuildPhase section */

/* Begin XCBuildConfiguration section */
		1CD1690B1C6A23550026FB82 /* Debug */ = {
			isa = XCBuildConfiguration;
			buildSettings = {
				ALWAYS_SEARCH_USER_PATHS = NO;
				CLANG_CXX_LANGUAGE_STANDARD = "gnu++0x";
				CLANG_CXX_LIBRARY = "libc++";
				CLANG_ENABLE_MODULES = YES;
				CLANG_ENABLE_OBJC_ARC = YES;
				CLANG_WARN_BOOL_CONVERSION = YES;
				CLANG_WARN_CONSTANT_CONVERSION = YES;
				CLANG_WARN_DIRECT_OBJC_ISA_USAGE = YES_ERROR;
				CLANG_WARN_EMPTY_BODY = YES;
				CLANG_WARN_ENUM_CONVERSION = YES;
				CLANG_WARN_INT_CONVERSION = YES;
				CLANG_WARN_OBJC_ROOT_CLASS = YES_ERROR;
				CLANG_WARN_UNREACHABLE_CODE = YES;
				CLANG_WARN__DUPLICATE_METHOD_MATCH = YES;
				"CODE_SIGN_IDENTITY[sdk=iphoneos*]" = "iPhone Developer";
				COPY_PHASE_STRIP = NO;
				DEBUG_INFORMATION_FORMAT = dwarf;
				ENABLE_STRICT_OBJC_MSGSEND = YES;
				ENABLE_TESTABILITY = YES;
				GCC_C_LANGUAGE_STANDARD = gnu99;
				GCC_DYNAMIC_NO_PIC = NO;
				GCC_NO_COMMON_BLOCKS = YES;
				GCC_OPTIMIZATION_LEVEL = 0;
				GCC_PREPROCESSOR_DEFINITIONS = (
					"DEBUG=1",
					"$(inherited)",
				);
				GCC_WARN_64_TO_32_BIT_CONVERSION = YES;
				GCC_WARN_ABOUT_RETURN_TYPE = YES_ERROR;
				GCC_WARN_UNDECLARED_SELECTOR = YES;
				GCC_WARN_UNINITIALIZED_AUTOS = YES_AGGRESSIVE;
				GCC_WARN_UNUSED_FUNCTION = YES;
				GCC_WARN_UNUSED_VARIABLE = YES;
				IPHONEOS_DEPLOYMENT_TARGET = 7.0;
				MTL_ENABLE_DEBUG_INFO = YES;
				ONLY_ACTIVE_ARCH = YES;
				SDKROOT = iphoneos;
			};
			name = Debug;
		};
		1CD1690C1C6A23550026FB82 /* Release */ = {
			isa = XCBuildConfiguration;
			buildSettings = {
				ALWAYS_SEARCH_USER_PATHS = NO;
				CLANG_CXX_LANGUAGE_STANDARD = "gnu++0x";
				CLANG_CXX_LIBRARY = "libc++";
				CLANG_ENABLE_MODULES = YES;
				CLANG_ENABLE_OBJC_ARC = YES;
				CLANG_WARN_BOOL_CONVERSION = YES;
				CLANG_WARN_CONSTANT_CONVERSION = YES;
				CLANG_WARN_DIRECT_OBJC_ISA_USAGE = YES_ERROR;
				CLANG_WARN_EMPTY_BODY = YES;
				CLANG_WARN_ENUM_CONVERSION = YES;
				CLANG_WARN_INT_CONVERSION = YES;
				CLANG_WARN_OBJC_ROOT_CLASS = YES_ERROR;
				CLANG_WARN_UNREACHABLE_CODE = YES;
				CLANG_WARN__DUPLICATE_METHOD_MATCH = YES;
				"CODE_SIGN_IDENTITY[sdk=iphoneos*]" = "iPhone Developer";
				COPY_PHASE_STRIP = NO;
				DEBUG_INFORMATION_FORMAT = "dwarf-with-dsym";
				ENABLE_NS_ASSERTIONS = NO;
				ENABLE_STRICT_OBJC_MSGSEND = YES;
				GCC_C_LANGUAGE_STANDARD = gnu99;
				GCC_NO_COMMON_BLOCKS = YES;
				GCC_WARN_64_TO_32_BIT_CONVERSION = YES;
				GCC_WARN_ABOUT_RETURN_TYPE = YES_ERROR;
				GCC_WARN_UNDECLARED_SELECTOR = YES;
				GCC_WARN_UNINITIALIZED_AUTOS = YES_AGGRESSIVE;
				GCC_WARN_UNUSED_FUNCTION = YES;
				GCC_WARN_UNUSED_VARIABLE = YES;
				IPHONEOS_DEPLOYMENT_TARGET = 7.0;
				MTL_ENABLE_DEBUG_INFO = NO;
				SDKROOT = iphoneos;
				VALIDATE_PRODUCT = YES;
			};
			name = Release;
		};
		1CD1690E1C6A23550026FB82 /* Debug */ = {
			isa = XCBuildConfiguration;
			buildSettings = {
				OTHER_LDFLAGS = "-ObjC";
				PRODUCT_NAME = "$(TARGET_NAME)";
				PUBLIC_HEADERS_FOLDER_PATH = "include/$(PROJECT_NAME)";
				SKIP_INSTALL = YES;
				STRIP_STYLE = "non-global";
			};
			name = Debug;
		};
		1CD1690F1C6A23550026FB82 /* Release */ = {
			isa = XCBuildConfiguration;
			buildSettings = {
				OTHER_LDFLAGS = "-ObjC";
				PRODUCT_NAME = "$(TARGET_NAME)";
				PUBLIC_HEADERS_FOLDER_PATH = "include/$(PROJECT_NAME)";
				SKIP_INSTALL = YES;
				STRIP_STYLE = "non-global";
			};
			name = Release;
		};
/* End XCBuildConfiguration section */

/* Begin XCConfigurationList section */
		1CD168FF1C6A23550026FB82 /* Build configuration list for PBXProject "mangopay" */ = {
			isa = XCConfigurationList;
			buildConfigurations = (
				1CD1690B1C6A23550026FB82 /* Debug */,
				1CD1690C1C6A23550026FB82 /* Release */,
			);
			defaultConfigurationIsVisible = 0;
			defaultConfigurationName = Release;
		};
		1CD1690D1C6A23550026FB82 /* Build configuration list for PBXNativeTarget "mangopay" */ = {
			isa = XCConfigurationList;
			buildConfigurations = (
				1CD1690E1C6A23550026FB82 /* Debug */,
				1CD1690F1C6A23550026FB82 /* Release */,
			);
			defaultConfigurationIsVisible = 0;
			defaultConfigurationName = Release;
		};
/* End XCConfigurationList section */
	};
	rootObject = 1CD168FC1C6A23550026FB82 /* Project object */;
}
